
Microsoft Visual Studio Solution File, Format Version 12.00
# Visual Studio Version 16
VisualStudioVersion = 16.0.33927.289
MinimumVisualStudioVersion = 10.0.40219.1
Project("{8BC9CEB8-8B4A-11D0-8D11-00A0C91BC942}") = "BinarySearch", "BinarySearch\BinarySearch.vcxproj", "{EC3C5FA4-1660-4866-A29D-5B1740068E67}"
EndProject
Global
	GlobalSection(SolutionConfigurationPlatforms) = preSolution
		Debug|x64 = Debug|x64
		Debug|x86 = Debug|x86
		Release|x64 = Release|x64
		Release|x86 = Release|x86
	EndGlobalSection
	GlobalSection(ProjectConfigurationPlatforms) = postSolution
		{EC3C5FA4-1660-4866-A29D-5B1740068E67}.Debug|x64.ActiveCfg = Debug|x64
		{EC3C5FA4-1660-4866-A29D-5B1740068E67}.Debug|x64.Build.0 = Debug|x64
		{EC3C5FA4-1660-4866-A29D-5B1740068E67}.Debug|x86.ActiveCfg = Debug|Win32
		{EC3C5FA4-1660-4866-A29D-5B1740068E67}.Debug|x86.Build.0 = Debug|Win32
		{EC3C5FA4-1660-4866-A29D-5B1740068E67}.Release|x64.ActiveCfg = Release|x64
		{EC3C5FA4-1660-4866-A29D-5B1740068E67}.Release|x64.Build.0 = Release|x64
		{EC3C5FA4-1660-4866-A29D-5B1740068E67}.Release|x86.ActiveCfg = Release|Win32
		{EC3C5FA4-1660-4866-A29D-5B1740068E67}.Release|x86.Build.0 = Release|Win32
	EndGlobalSection
	GlobalSection(SolutionProperties) = preSolution
		HideSolutionNode = FALSE
	EndGlobalSection
	GlobalSection(ExtensibilityGlobals) = postSolution
		SolutionGuid = {0AD499B2-EAC4-44AF-B6A5-6F36737A5221}
	EndGlobalSection
EndGlobal
